
Microsoft Visual Studio Solution File, Format Version 12.00
# Visual Studio 15
VisualStudioVersion = 15.0.28307.779
MinimumVisualStudioVersion = 10.0.40219.1
Project("{FAE04EC0-301F-11D3-BF4B-00C04F79EFBC}") = "WinFormProject", "WinFormProject\WinFormProject.csproj", "{4F50B9EC-15FB-4522-B7CE-594B2D913BFA}"
EndProject
Global
	GlobalSection(SolutionConfigurationPlatforms) = preSolution
		Debug|Any CPU = Debug|Any CPU
		Release|Any CPU = Release|Any CPU
	EndGlobalSection
	GlobalSection(ProjectConfigurationPlatforms) = postSolution
		{4F50B9EC-15FB-4522-B7CE-594B2D913BFA}.Debug|Any CPU.ActiveCfg = Debug|Any CPU
		{4F50B9EC-15FB-4522-B7CE-594B2D913BFA}.Debug|Any CPU.Build.0 = Debug|Any CPU
		{4F50B9EC-15FB-4522-B7CE-594B2D913BFA}.Release|Any CPU.ActiveCfg = Release|Any CPU
		{4F50B9EC-15FB-4522-B7CE-594B2D913BFA}.Release|Any CPU.Build.0 = Release|Any CPU
	EndGlobalSection
	GlobalSection(SolutionProperties) = preSolution
		HideSolutionNode = FALSE
	EndGlobalSection
	GlobalSection(ExtensibilityGlobals) = postSolution
		SolutionGuid = {3A9782DF-8A20-45B1-BAC2-2D033DD28B39}
	EndGlobalSection
EndGlobal
